// !$*UTF8*$!
{
	archiveVersion = 1;
	classes = {
	};
	objectVersion = 51;
	objects = {

/* Begin PBXBuildFile section */
		D4BFA5C5DC93EF940F0ED87E /* Pods_PreFetchLoading.framework in Frameworks */ = {isa = PBXBuildFile; fileRef = E738469B387DE54042B127FB /* Pods_PreFetchLoading.framework */; };
		FA1BEEA524B39CF700139D0F /* AppDelegate.swift in Sources */ = {isa = PBXBuildFile; fileRef = FA1BEEA424B39CF700139D0F /* AppDelegate.swift */; };
		FA1BEEA724B39CF700139D0F /* SceneDelegate.swift in Sources */ = {isa = PBXBuildFile; fileRef = FA1BEEA624B39CF700139D0F /* SceneDelegate.swift */; };
		FA1BEEA924B39CF700139D0F /* ViewController.swift in Sources */ = {isa = PBXBuildFile; fileRef = FA1BEEA824B39CF700139D0F /* ViewController.swift */; };
		FA1BEEAC24B39CF700139D0F /* Main.storyboard in Resources */ = {isa = PBXBuildFile; fileRef = FA1BEEAA24B39CF700139D0F /* Main.storyboard */; };
		FA1BEEAE24B39CFC00139D0F /* Assets.xcassets in Resources */ = {isa = PBXBuildFile; fileRef = FA1BEEAD24B39CFC00139D0F /* Assets.xcassets */; };
		FA1BEEB124B39CFC00139D0F /* LaunchScreen.storyboard in Resources */ = {isa = PBXBuildFile; fileRef = FA1BEEAF24B39CFC00139D0F /* LaunchScreen.storyboard */; };
		FA1BEEB924B39F3000139D0F /* API_Manager.swift in Sources */ = {isa = PBXBuildFile; fileRef = FA1BEEB824B39F3000139D0F /* API_Manager.swift */; };
		FA1BEEBB24B3A03400139D0F /* API_Helper.swift in Sources */ = {isa = PBXBuildFile; fileRef = FA1BEEBA24B3A03400139D0F /* API_Helper.swift */; };
		FA1BEECB24B63EFF00139D0F /* AppModel.swift in Sources */ = {isa = PBXBuildFile; fileRef = FA1BEECA24B63EFF00139D0F /* AppModel.swift */; };
		FA1BEECF24B6423800139D0F /* Utility.swift in Sources */ = {isa = PBXBuildFile; fileRef = FA1BEECE24B6423800139D0F /* Utility.swift */; };
		FA1BEED124B6427500139D0F /* GlobalConstant.swift in Sources */ = {isa = PBXBuildFile; fileRef = FA1BEED024B6427500139D0F /* GlobalConstant.swift */; };
		FA1BEED724B6443500139D0F /* CustomCell.swift in Sources */ = {isa = PBXBuildFile; fileRef = FA1BEED524B6443500139D0F /* CustomCell.swift */; };
		FA1BEED824B6443500139D0F /* CustomCell.xib in Resources */ = {isa = PBXBuildFile; fileRef = FA1BEED624B6443500139D0F /* CustomCell.xib */; };
		FA1BEEDA24B64D0000139D0F /* ResultModel.swift in Sources */ = {isa = PBXBuildFile; fileRef = FA1BEED924B64D0000139D0F /* ResultModel.swift */; };
/* End PBXBuildFile section */

/* Begin PBXFileReference section */
		8831B311493E5CD9E090CFC1 /* Pods-PreFetchLoading.debug.xcconfig */ = {isa = PBXFileReference; includeInIndex = 1; lastKnownFileType = text.xcconfig; name = "Pods-PreFetchLoading.debug.xcconfig"; path = "Target Support Files/Pods-PreFetchLoading/Pods-PreFetchLoading.debug.xcconfig"; sourceTree = "<group>"; };
		97F76D4AC67CF54F12065680 /* Pods-PreFetchLoading.release.xcconfig */ = {isa = PBXFileReference; includeInIndex = 1; lastKnownFileType = text.xcconfig; name = "Pods-PreFetchLoading.release.xcconfig"; path = "Target Support Files/Pods-PreFetchLoading/Pods-PreFetchLoading.release.xcconfig"; sourceTree = "<group>"; };
		E738469B387DE54042B127FB /* Pods_PreFetchLoading.framework */ = {isa = PBXFileReference; explicitFileType = wrapper.framework; includeInIndex = 0; path = Pods_PreFetchLoading.framework; sourceTree = BUILT_PRODUCTS_DIR; };
		FA1BEEA124B39CF700139D0F /* PreFetchLoading.app */ = {isa = PBXFileReference; explicitFileType = wrapper.application; includeInIndex = 0; path = PreFetchLoading.app; sourceTree = BUILT_PRODUCTS_DIR; };
		FA1BEEA424B39CF700139D0F /* AppDelegate.swift */ = {isa = PBXFileReference; lastKnownFileType = sourcecode.swift; path = AppDelegate.swift; sourceTree = "<group>"; };
		FA1BEEA624B39CF700139D0F /* SceneDelegate.swift */ = {isa = PBXFileReference; lastKnownFileType = sourcecode.swift; path = SceneDelegate.swift; sourceTree = "<group>"; };
		FA1BEEA824B39CF700139D0F /* ViewController.swift */ = {isa = PBXFileReference; lastKnownFileType = sourcecode.swift; path = ViewController.swift; sourceTree = "<group>"; };
		FA1BEEAB24B39CF700139D0F /* Base */ = {isa = PBXFileReference; lastKnownFileType = file.storyboard; name = Base; path = Base.lproj/Main.storyboard; sourceTree = "<group>"; };
		FA1BEEAD24B39CFC00139D0F /* Assets.xcassets */ = {isa = PBXFileReference; lastKnownFileType = folder.assetcatalog; path = Assets.xcassets; sourceTree = "<group>"; };
		FA1BEEB024B39CFC00139D0F /* Base */ = {isa = PBXFileReference; lastKnownFileType = file.storyboard; name = Base; path = Base.lproj/LaunchScreen.storyboard; sourceTree = "<group>"; };
		FA1BEEB224B39CFC00139D0F /* Info.plist */ = {isa = PBXFileReference; lastKnownFileType = text.plist.xml; path = Info.plist; sourceTree = "<group>"; };
		FA1BEEB824B39F3000139D0F /* API_Manager.swift */ = {isa = PBXFileReference; fileEncoding = 4; lastKnownFileType = sourcecode.swift; path = API_Manager.swift; sourceTree = "<group>"; };
		FA1BEEBA24B3A03400139D0F /* API_Helper.swift */ = {isa = PBXFileReference; fileEncoding = 4; lastKnownFileType = sourcecode.swift; path = API_Helper.swift; sourceTree = "<group>"; };
		FA1BEECA24B63EFF00139D0F /* AppModel.swift */ = {isa = PBXFileReference; lastKnownFileType = sourcecode.swift; path = AppModel.swift; sourceTree = "<group>"; };
		FA1BEECE24B6423800139D0F /* Utility.swift */ = {isa = PBXFileReference; fileEncoding = 4; lastKnownFileType = sourcecode.swift; path = Utility.swift; sourceTree = "<group>"; };
		FA1BEED024B6427500139D0F /* GlobalConstant.swift */ = {isa = PBXFileReference; lastKnownFileType = sourcecode.swift; path = GlobalConstant.swift; sourceTree = "<group>"; };
		FA1BEED524B6443500139D0F /* CustomCell.swift */ = {isa = PBXFileReference; lastKnownFileType = sourcecode.swift; path = CustomCell.swift; sourceTree = "<group>"; };
		FA1BEED624B6443500139D0F /* CustomCell.xib */ = {isa = PBXFileReference; lastKnownFileType = file.xib; path = CustomCell.xib; sourceTree = "<group>"; };
		FA1BEED924B64D0000139D0F /* ResultModel.swift */ = {isa = PBXFileReference; lastKnownFileType = sourcecode.swift; path = ResultModel.swift; sourceTree = "<group>"; };
/* End PBXFileReference section */

/* Begin PBXFrameworksBuildPhase section */
		FA1BEE9E24B39CF700139D0F /* Frameworks */ = {
			isa = PBXFrameworksBuildPhase;
			buildActionMask = 2147483647;
			files = (
				D4BFA5C5DC93EF940F0ED87E /* Pods_PreFetchLoading.framework in Frameworks */,
			);
			runOnlyForDeploymentPostprocessing = 0;
		};
/* End PBXFrameworksBuildPhase section */

/* Begin PBXGroup section */
		BC1DBBE53FA2973BF595AB62 /* Frameworks */ = {
			isa = PBXGroup;
			children = (
				E738469B387DE54042B127FB /* Pods_PreFetchLoading.framework */,
			);
			name = Frameworks;
			sourceTree = "<group>";
		};
		CE5AB261728117FC78E79759 /* Pods */ = {
			isa = PBXGroup;
			children = (
				8831B311493E5CD9E090CFC1 /* Pods-PreFetchLoading.debug.xcconfig */,
				97F76D4AC67CF54F12065680 /* Pods-PreFetchLoading.release.xcconfig */,
			);
			path = Pods;
			sourceTree = "<group>";
		};
		FA1BEE9824B39CF600139D0F = {
			isa = PBXGroup;
			children = (
				FA1BEEA324B39CF700139D0F /* PreFetchLoading */,
				FA1BEEA224B39CF700139D0F /* Products */,
				CE5AB261728117FC78E79759 /* Pods */,
				BC1DBBE53FA2973BF595AB62 /* Frameworks */,
			);
			sourceTree = "<group>";
		};
		FA1BEEA224B39CF700139D0F /* Products */ = {
			isa = PBXGroup;
			children = (
				FA1BEEA124B39CF700139D0F /* PreFetchLoading.app */,
			);
			name = Products;
			sourceTree = "<group>";
		};
		FA1BEEA324B39CF700139D0F /* PreFetchLoading */ = {
			isa = PBXGroup;
			children = (
				FA1BEED224B643AD00139D0F /* TableViewXib */,
				FA1BEEC924B63EF000139D0F /* Model */,
				FA1BEEBC24B3A1BF00139D0F /* ProjectHelper */,
				FA1BEEA424B39CF700139D0F /* AppDelegate.swift */,
				FA1BEEA624B39CF700139D0F /* SceneDelegate.swift */,
				FA1BEEA824B39CF700139D0F /* ViewController.swift */,
				FA1BEEAA24B39CF700139D0F /* Main.storyboard */,
				FA1BEEAD24B39CFC00139D0F /* Assets.xcassets */,
				FA1BEEAF24B39CFC00139D0F /* LaunchScreen.storyboard */,
				FA1BEEB224B39CFC00139D0F /* Info.plist */,
			);
			path = PreFetchLoading;
			sourceTree = "<group>";
		};
		FA1BEEBC24B3A1BF00139D0F /* ProjectHelper */ = {
			isa = PBXGroup;
			children = (
				FA1BEECE24B6423800139D0F /* Utility.swift */,
				FA1BEEB824B39F3000139D0F /* API_Manager.swift */,
				FA1BEEBA24B3A03400139D0F /* API_Helper.swift */,
				FA1BEED024B6427500139D0F /* GlobalConstant.swift */,
			);
			path = ProjectHelper;
			sourceTree = "<group>";
		};
		FA1BEEC924B63EF000139D0F /* Model */ = {
			isa = PBXGroup;
			children = (
				FA1BEECA24B63EFF00139D0F /* AppModel.swift */,
				FA1BEED924B64D0000139D0F /* ResultModel.swift */,
			);
			path = Model;
			sourceTree = "<group>";
		};
		FA1BEED224B643AD00139D0F /* TableViewXib */ = {
			isa = PBXGroup;
			children = (
				FA1BEED524B6443500139D0F /* CustomCell.swift */,
				FA1BEED624B6443500139D0F /* CustomCell.xib */,
			);
			path = TableViewXib;
			sourceTree = "<group>";
		};
/* End PBXGroup section */

/* Begin PBXNativeTarget section */
		FA1BEEA024B39CF700139D0F /* PreFetchLoading */ = {
			isa = PBXNativeTarget;
			buildConfigurationList = FA1BEEB524B39CFC00139D0F /* Build configuration list for PBXNativeTarget "PreFetchLoading" */;
			buildPhases = (
				20CE64AE742E030875959B89 /* [CP] Check Pods Manifest.lock */,
				FA1BEE9D24B39CF700139D0F /* Sources */,
				FA1BEE9E24B39CF700139D0F /* Frameworks */,
				FA1BEE9F24B39CF700139D0F /* Resources */,
				1818D09D654A604D34081A78 /* [CP] Embed Pods Frameworks */,
			);
			buildRules = (
			);
			dependencies = (
			);
			name = PreFetchLoading;
			productName = PreFetchLoading;
			productReference = FA1BEEA124B39CF700139D0F /* PreFetchLoading.app */;
			productType = "com.apple.product-type.application";
		};
/* End PBXNativeTarget section */

/* Begin PBXProject section */
		FA1BEE9924B39CF600139D0F /* Project object */ = {
			isa = PBXProject;
			attributes = {
				LastSwiftUpdateCheck = 1130;
				LastUpgradeCheck = 1130;
				ORGANIZATIONNAME = SukhmaniKaur;
				TargetAttributes = {
					FA1BEEA024B39CF700139D0F = {
						CreatedOnToolsVersion = 11.3.1;
					};
				};
			};
			buildConfigurationList = FA1BEE9C24B39CF600139D0F /* Build configuration list for PBXProject "PreFetchLoading" */;
			compatibilityVersion = "Xcode 9.3";
			developmentRegion = en;
			hasScannedForEncodings = 0;
			knownRegions = (
				en,
				Base,
			);
			mainGroup = FA1BEE9824B39CF600139D0F;
			productRefGroup = FA1BEEA224B39CF700139D0F /* Products */;
			projectDirPath = "";
			projectRoot = "";
			targets = (
				FA1BEEA024B39CF700139D0F /* PreFetchLoading */,
			);
		};
/* End PBXProject section */

/* Begin PBXResourcesBuildPhase section */
		FA1BEE9F24B39CF700139D0F /* Resources */ = {
			isa = PBXResourcesBuildPhase;
			buildActionMask = 2147483647;
			files = (
				FA1BEEB124B39CFC00139D0F /* LaunchScreen.storyboard in Resources */,
				FA1BEEAE24B39CFC00139D0F /* Assets.xcassets in Resources */,
				FA1BEED824B6443500139D0F /* CustomCell.xib in Resources */,
				FA1BEEAC24B39CF700139D0F /* Main.storyboard in Resources */,
			);
			runOnlyForDeploymentPostprocessing = 0;
		};
/* End PBXResourcesBuildPhase section */

/* Begin PBXShellScriptBuildPhase section */
		1818D09D654A604D34081A78 /* [CP] Embed Pods Frameworks */ = {
			isa = PBXShellScriptBuildPhase;
			buildActionMask = 2147483647;
			files = (
			);
			inputFileListPaths = (
				"${PODS_ROOT}/Target Support Files/Pods-PreFetchLoading/Pods-PreFetchLoading-frameworks-${CONFIGURATION}-input-files.xcfilelist",
			);
			name = "[CP] Embed Pods Frameworks";
			outputFileListPaths = (
				"${PODS_ROOT}/Target Support Files/Pods-PreFetchLoading/Pods-PreFetchLoading-frameworks-${CONFIGURATION}-output-files.xcfilelist",
			);
			runOnlyForDeploymentPostprocessing = 0;
			shellPath = /bin/sh;
			shellScript = "\"${PODS_ROOT}/Target Support Files/Pods-PreFetchLoading/Pods-PreFetchLoading-frameworks.sh\"\n";
			showEnvVarsInLog = 0;
		};
		20CE64AE742E030875959B89 /* [CP] Check Pods Manifest.lock */ = {
			isa = PBXShellScriptBuildPhase;
			buildActionMask = 2147483647;
			files = (
			);
			inputFileListPaths = (
			);
			inputPaths = (
				"${PODS_PODFILE_DIR_PATH}/Podfile.lock",
				"${PODS_ROOT}/Manifest.lock",
			);
			name = "[CP] Check Pods Manifest.lock";
			outputFileListPaths = (
			);
			outputPaths = (
				"$(DERIVED_FILE_DIR)/Pods-PreFetchLoading-checkManifestLockResult.txt",
			);
			runOnlyForDeploymentPostprocessing = 0;
			shellPath = /bin/sh;
			shellScript = "diff \"${PODS_PODFILE_DIR_PATH}/Podfile.lock\" \"${PODS_ROOT}/Manifest.lock\" > /dev/null\nif [ $? != 0 ] ; then\n    # print error to STDERR\n    echo \"error: The sandbox is not in sync with the Podfile.lock. Run 'pod install' or update your CocoaPods installation.\" >&2\n    exit 1\nfi\n# This output is used by Xcode 'outputs' to avoid re-running this script phase.\necho \"SUCCESS\" > \"${SCRIPT_OUTPUT_FILE_0}\"\n";
			showEnvVarsInLog = 0;
		};
/* End PBXShellScriptBuildPhase section */

/* Begin PBXSourcesBuildPhase section */
		FA1BEE9D24B39CF700139D0F /* Sources */ = {
			isa = PBXSourcesBuildPhase;
			buildActionMask = 2147483647;
			files = (
				FA1BEECF24B6423800139D0F /* Utility.swift in Sources */,
				FA1BEEB924B39F3000139D0F /* API_Manager.swift in Sources */,
				FA1BEED124B6427500139D0F /* GlobalConstant.swift in Sources */,
				FA1BEECB24B63EFF00139D0F /* AppModel.swift in Sources */,
				FA1BEEDA24B64D0000139D0F /* ResultModel.swift in Sources */,
				FA1BEED724B6443500139D0F /* CustomCell.swift in Sources */,
				FA1BEEA924B39CF700139D0F /* ViewController.swift in Sources */,
				FA1BEEBB24B3A03400139D0F /* API_Helper.swift in Sources */,
				FA1BEEA524B39CF700139D0F /* AppDelegate.swift in Sources */,
				FA1BEEA724B39CF700139D0F /* SceneDelegate.swift in Sources */,
			);
			runOnlyForDeploymentPostprocessing = 0;
		};
/* End PBXSourcesBuildPhase section */

/* Begin PBXVariantGroup section */
		FA1BEEAA24B39CF700139D0F /* Main.storyboard */ = {
			isa = PBXVariantGroup;
			children = (
				FA1BEEAB24B39CF700139D0F /* Base */,
			);
			name = Main.storyboard;
			sourceTree = "<group>";
		};
		FA1BEEAF24B39CFC00139D0F /* LaunchScreen.storyboard */ = {
			isa = PBXVariantGroup;
			children = (
				FA1BEEB024B39CFC00139D0F /* Base */,
			);
			name = LaunchScreen.storyboard;
			sourceTree = "<group>";
		};
/* End PBXVariantGroup section */

/* Begin XCBuildConfiguration section */
		FA1BEEB324B39CFC00139D0F /* Debug */ = {
			isa = XCBuildConfiguration;
			buildSettings = {
				ALWAYS_SEARCH_USER_PATHS = NO;
				CLANG_ANALYZER_NONNULL = YES;
				CLANG_ANALYZER_NUMBER_OBJECT_CONVERSION = YES_AGGRESSIVE;
				CLANG_CXX_LANGUAGE_STANDARD = "gnu++14";
				CLANG_CXX_LIBRARY = "libc++";
				CLANG_ENABLE_MODULES = YES;
				CLANG_ENABLE_OBJC_ARC = YES;
				CLANG_ENABLE_OBJC_WEAK = YES;
				CLANG_WARN_BLOCK_CAPTURE_AUTORELEASING = YES;
				CLANG_WARN_BOOL_CONVERSION = YES;
				CLANG_WARN_COMMA = YES;
				CLANG_WARN_CONSTANT_CONVERSION = YES;
				CLANG_WARN_DEPRECATED_OBJC_IMPLEMENTATIONS = YES;
				CLANG_WARN_DIRECT_OBJC_ISA_USAGE = YES_ERROR;
				CLANG_WARN_DOCUMENTATION_COMMENTS = YES;
				CLANG_WARN_EMPTY_BODY = YES;
				CLANG_WARN_ENUM_CONVERSION = YES;
				CLANG_WARN_INFINITE_RECURSION = YES;
				CLANG_WARN_INT_CONVERSION = YES;
				CLANG_WARN_NON_LITERAL_NULL_CONVERSION = YES;
				CLANG_WARN_OBJC_IMPLICIT_RETAIN_SELF = YES;
				CLANG_WARN_OBJC_LITERAL_CONVERSION = YES;
				CLANG_WARN_OBJC_ROOT_CLASS = YES_ERROR;
				CLANG_WARN_RANGE_LOOP_ANALYSIS = YES;
				CLANG_WARN_STRICT_PROTOTYPES = YES;
				CLANG_WARN_SUSPICIOUS_MOVE = YES;
				CLANG_WARN_UNGUARDED_AVAILABILITY = YES_AGGRESSIVE;
				CLANG_WARN_UNREACHABLE_CODE = YES;
				CLANG_WARN__DUPLICATE_METHOD_MATCH = YES;
				COPY_PHASE_STRIP = NO;
				DEBUG_INFORMATION_FORMAT = dwarf;
				ENABLE_STRICT_OBJC_MSGSEND = YES;
				ENABLE_TESTABILITY = YES;
				GCC_C_LANGUAGE_STANDARD = gnu11;
				GCC_DYNAMIC_NO_PIC = NO;
				GCC_NO_COMMON_BLOCKS = YES;
				GCC_OPTIMIZATION_LEVEL = 0;
				GCC_PREPROCESSOR_DEFINITIONS = (
					"DEBUG=1",
					"$(inherited)",
				);
				GCC_WARN_64_TO_32_BIT_CONVERSION = YES;
				GCC_WARN_ABOUT_RETURN_TYPE = YES_ERROR;
				GCC_WARN_UNDECLARED_SELECTOR = YES;
				GCC_WARN_UNINITIALIZED_AUTOS = YES_AGGRESSIVE;
				GCC_WARN_UNUSED_FUNCTION = YES;
				GCC_WARN_UNUSED_VARIABLE = YES;
				IPHONEOS_DEPLOYMENT_TARGET = 13.2;
				MTL_ENABLE_DEBUG_INFO = INCLUDE_SOURCE;
				MTL_FAST_MATH = YES;
				ONLY_ACTIVE_ARCH = YES;
				SDKROOT = iphoneos;
				SWIFT_ACTIVE_COMPILATION_CONDITIONS = DEBUG;
				SWIFT_OPTIMIZATION_LEVEL = "-Onone";
			};
			name = Debug;
		};
		FA1BEEB424B39CFC00139D0F /* Release */ = {
			isa = XCBuildConfiguration;
			buildSettings = {
				ALWAYS_SEARCH_USER_PATHS = NO;
				CLANG_ANALYZER_NONNULL = YES;
				CLANG_ANALYZER_NUMBER_OBJECT_CONVERSION = YES_AGGRESSIVE;
				CLANG_CXX_LANGUAGE_STANDARD = "gnu++14";
				CLANG_CXX_LIBRARY = "libc++";
				CLANG_ENABLE_MODULES = YES;
				CLANG_ENABLE_OBJC_ARC = YES;
				CLANG_ENABLE_OBJC_WEAK = YES;
				CLANG_WARN_BLOCK_CAPTURE_AUTORELEASING = YES;
				CLANG_WARN_BOOL_CONVERSION = YES;
				CLANG_WARN_COMMA = YES;
				CLANG_WARN_CONSTANT_CONVERSION = YES;
				CLANG_WARN_DEPRECATED_OBJC_IMPLEMENTATIONS = YES;
				CLANG_WARN_DIRECT_OBJC_ISA_USAGE = YES_ERROR;
				CLANG_WARN_DOCUMENTATION_COMMENTS = YES;
				CLANG_WARN_EMPTY_BODY = YES;
				CLANG_WARN_ENUM_CONVERSION = YES;
				CLANG_WARN_INFINITE_RECURSION = YES;
				CLANG_WARN_INT_CONVERSION = YES;
				CLANG_WARN_NON_LITERAL_NULL_CONVERSION = YES;
				CLANG_WARN_OBJC_IMPLICIT_RETAIN_SELF = YES;
				CLANG_WARN_OBJC_LITERAL_CONVERSION = YES;
				CLANG_WARN_OBJC_ROOT_CLASS = YES_ERROR;
				CLANG_WARN_RANGE_LOOP_ANALYSIS = YES;
				CLANG_WARN_STRICT_PROTOTYPES = YES;
				CLANG_WARN_SUSPICIOUS_MOVE = YES;
				CLANG_WARN_UNGUARDED_AVAILABILITY = YES_AGGRESSIVE;
				CLANG_WARN_UNREACHABLE_CODE = YES;
				CLANG_WARN__DUPLICATE_METHOD_MATCH = YES;
				COPY_PHASE_STRIP = NO;
				DEBUG_INFORMATION_FORMAT = "dwarf-with-dsym";
				ENABLE_NS_ASSERTIONS = NO;
				ENABLE_STRICT_OBJC_MSGSEND = YES;
				GCC_C_LANGUAGE_STANDARD = gnu11;
				GCC_NO_COMMON_BLOCKS = YES;
				GCC_WARN_64_TO_32_BIT_CONVERSION = YES;
				GCC_WARN_ABOUT_RETURN_TYPE = YES_ERROR;
				GCC_WARN_UNDECLARED_SELECTOR = YES;
				GCC_WARN_UNINITIALIZED_AUTOS = YES_AGGRESSIVE;
				GCC_WARN_UNUSED_FUNCTION = YES;
				GCC_WARN_UNUSED_VARIABLE = YES;
				IPHONEOS_DEPLOYMENT_TARGET = 13.2;
				MTL_ENABLE_DEBUG_INFO = NO;
				MTL_FAST_MATH = YES;
				SDKROOT = iphoneos;
				SWIFT_COMPILATION_MODE = wholemodule;
				SWIFT_OPTIMIZATION_LEVEL = "-O";
				VALIDATE_PRODUCT = YES;
			};
			name = Release;
		};
		FA1BEEB624B39CFC00139D0F /* Debug */ = {
			isa = XCBuildConfiguration;
			baseConfigurationReference = 8831B311493E5CD9E090CFC1 /* Pods-PreFetchLoading.debug.xcconfig */;
			buildSettings = {
				ASSETCATALOG_COMPILER_APPICON_NAME = AppIcon;
				CODE_SIGN_STYLE = Automatic;
				DEVELOPMENT_TEAM = 6Q233F3ZPX;
				INFOPLIST_FILE = PreFetchLoading/Info.plist;
				LD_RUNPATH_SEARCH_PATHS = (
					"$(inherited)",
					"@executable_path/Frameworks",
				);
				PRODUCT_BUNDLE_IDENTIFIER = com.app.PreFetchLoading;
				PRODUCT_NAME = "$(TARGET_NAME)";
				SWIFT_VERSION = 5.0;
				TARGETED_DEVICE_FAMILY = "1,2";
			};
			name = Debug;
		};
		FA1BEEB724B39CFC00139D0F /* Release */ = {
			isa = XCBuildConfiguration;
			baseConfigurationReference = 97F76D4AC67CF54F12065680 /* Pods-PreFetchLoading.release.xcconfig */;
			buildSettings = {
				ASSETCATALOG_COMPILER_APPICON_NAME = AppIcon;
				CODE_SIGN_STYLE = Automatic;
				DEVELOPMENT_TEAM = 6Q233F3ZPX;
				INFOPLIST_FILE = PreFetchLoading/Info.plist;
				LD_RUNPATH_SEARCH_PATHS = (
					"$(inherited)",
					"@executable_path/Frameworks",
				);
				PRODUCT_BUNDLE_IDENTIFIER = com.app.PreFetchLoading;
				PRODUCT_NAME = "$(TARGET_NAME)";
				SWIFT_VERSION = 5.0;
				TARGETED_DEVICE_FAMILY = "1,2";
			};
			name = Release;
		};
/* End XCBuildConfiguration section */

/* Begin XCConfigurationList section */
		FA1BEE9C24B39CF600139D0F /* Build configuration list for PBXProject "PreFetchLoading" */ = {
			isa = XCConfigurationList;
			buildConfigurations = (
				FA1BEEB324B39CFC00139D0F /* Debug */,
				FA1BEEB424B39CFC00139D0F /* Release */,
			);
			defaultConfigurationIsVisible = 0;
			defaultConfigurationName = Release;
		};
		FA1BEEB524B39CFC00139D0F /* Build configuration list for PBXNativeTarget "PreFetchLoading" */ = {
			isa = XCConfigurationList;
			buildConfigurations = (
				FA1BEEB624B39CFC00139D0F /* Debug */,
				FA1BEEB724B39CFC00139D0F /* Release */,
			);
			defaultConfigurationIsVisible = 0;
			defaultConfigurationName = Release;
		};
/* End XCConfigurationList section */
	};
	rootObject = FA1BEE9924B39CF600139D0F /* Project object */;
}
